
Microsoft Visual Studio Solution File, Format Version 12.00
# Visual Studio Version 16
VisualStudioVersion = 16.0.31313.79
MinimumVisualStudioVersion = 10.0.40219.1
Project("{FAE04EC0-301F-11D3-BF4B-00C04F79EFBC}") = "MyNotes.Android", "MyNotes\MyNotes.Android\MyNotes.Android.csproj", "{401D20E4-5A03-49F4-9906-CA8D6FE7D09F}"
EndProject
Project("{FAE04EC0-301F-11D3-BF4B-00C04F79EFBC}") = "MyNotes", "MyNotes\MyNotes\MyNotes.csproj", "{7B00AA50-DA67-4097-8478-F5BBBEA0687D}"
EndProject
Global
	GlobalSection(SolutionConfigurationPlatforms) = preSolution
		Debug|Any CPU = Debug|Any CPU
		Release|Any CPU = Release|Any CPU
	EndGlobalSection
	GlobalSection(ProjectConfigurationPlatforms) = postSolution
		{401D20E4-5A03-49F4-9906-CA8D6FE7D09F}.Debug|Any CPU.ActiveCfg = Debug|Any CPU
		{401D20E4-5A03-49F4-9906-CA8D6FE7D09F}.Debug|Any CPU.Build.0 = Debug|Any CPU
		{401D20E4-5A03-49F4-9906-CA8D6FE7D09F}.Debug|Any CPU.Deploy.0 = Debug|Any CPU
		{401D20E4-5A03-49F4-9906-CA8D6FE7D09F}.Release|Any CPU.ActiveCfg = Release|Any CPU
		{401D20E4-5A03-49F4-9906-CA8D6FE7D09F}.Release|Any CPU.Build.0 = Release|Any CPU
		{401D20E4-5A03-49F4-9906-CA8D6FE7D09F}.Release|Any CPU.Deploy.0 = Release|Any CPU
		{7B00AA50-DA67-4097-8478-F5BBBEA0687D}.Debug|Any CPU.ActiveCfg = Debug|Any CPU
		{7B00AA50-DA67-4097-8478-F5BBBEA0687D}.Debug|Any CPU.Build.0 = Debug|Any CPU
		{7B00AA50-DA67-4097-8478-F5BBBEA0687D}.Debug|Any CPU.Deploy.0 = Debug|Any CPU
		{7B00AA50-DA67-4097-8478-F5BBBEA0687D}.Release|Any CPU.ActiveCfg = Release|Any CPU
		{7B00AA50-DA67-4097-8478-F5BBBEA0687D}.Release|Any CPU.Build.0 = Release|Any CPU
		{7B00AA50-DA67-4097-8478-F5BBBEA0687D}.Release|Any CPU.Deploy.0 = Release|Any CPU
	EndGlobalSection
	GlobalSection(SolutionProperties) = preSolution
		HideSolutionNode = FALSE
	EndGlobalSection
	GlobalSection(ExtensibilityGlobals) = postSolution
		SolutionGuid = {7B895ABC-A218-42F7-BEEE-7CB10C9EC0F2}
	EndGlobalSection
EndGlobal
